
Microsoft Visual Studio Solution File, Format Version 12.00
# Visual Studio Version 17
VisualStudioVersion = 17.3.32901.215
MinimumVisualStudioVersion = 10.0.40219.1
Project("{FAE04EC0-301F-11D3-BF4B-00C04F79EFBC}") = "Proyecto_Sadas", "Proyecto_Sadas\Proyecto_Sadas.csproj", "{D898BC00-E9E9-40F3-884A-BAE202161BCC}"
EndProject
Global
	GlobalSection(SolutionConfigurationPlatforms) = preSolution
		Debug|Any CPU = Debug|Any CPU
		Release|Any CPU = Release|Any CPU
	EndGlobalSection
	GlobalSection(ProjectConfigurationPlatforms) = postSolution
		{D898BC00-E9E9-40F3-884A-BAE202161BCC}.Debug|Any CPU.ActiveCfg = Debug|Any CPU
		{D898BC00-E9E9-40F3-884A-BAE202161BCC}.Debug|Any CPU.Build.0 = Debug|Any CPU
		{D898BC00-E9E9-40F3-884A-BAE202161BCC}.Release|Any CPU.ActiveCfg = Release|Any CPU
		{D898BC00-E9E9-40F3-884A-BAE202161BCC}.Release|Any CPU.Build.0 = Release|Any CPU
	EndGlobalSection
	GlobalSection(SolutionProperties) = preSolution
		HideSolutionNode = FALSE
	EndGlobalSection
	GlobalSection(ExtensibilityGlobals) = postSolution
		SolutionGuid = {65E72458-8C24-4DED-A9C8-8862460AF37F}
	EndGlobalSection
EndGlobal
